lockfileVersion: '6.0'

settings:
  autoInstallPeers: true
  excludeLinksFromLockfile: false

importers:

  .:
    devDependencies:
      '@repo/typescript-config':
        specifier: workspace:*
        version: link:tools/typescript-config
      prettier:
        specifier: ^3.1.0
        version: 3.1.0
      turbo:
        specifier: latest
        version: 1.11.3

  packages/core: {}

  packages/react:
    dependencies:
      '@humeai/assistant-core':
        specifier: link:../core
        version: link:../core

  tools/typescript-config: {}

packages:

  /prettier@3.1.0:
    resolution: {integrity: sha512-TQLvXjq5IAibjh8EpBIkNKxO749UEWABoiIZehEPiY4GNpVdhaFKqSTu+QrlU6D2dPAfubRmtJTi4K4YkQ5eXw==}
    engines: {node: '>=14'}
    dev: true

  /turbo-darwin-64@1.11.3:
    resolution: {integrity: sha512-IsOOg2bVbIt3o/X8Ew9fbQp5t1hTHN3fGNQYrPQwMR2W1kIAC6RfbVD4A9OeibPGyEPUpwOH79hZ9ydFH5kifw==}
    cpu: [x64]
    os: [darwin]
    requiresBuild: true
    dev: true
    optional: true

  /turbo-darwin-arm64@1.11.3:
    resolution: {integrity: sha512-FsJL7k0SaPbJzI/KCnrf/fi3PgCDCjTliMc/kEFkuWVA6Httc3Q4lxyLIIinz69q6JTx8wzh6yznUMzJRI3+dg==}
    cpu: [arm64]
    os: [darwin]
    requiresBuild: true
    dev: true
    optional: true

  /turbo-linux-64@1.11.3:
    resolution: {integrity: sha512-SvW7pvTVRGsqtSkII5w+wriZXvxqkluw5FO/MNAdFw0qmoov+PZ237+37/NgArqE3zVn1GX9P6nUx9VO+xcQAg==}
    cpu: [x64]
    os: [linux]
    requiresBuild: true
    dev: true
    optional: true

  /turbo-linux-arm64@1.11.3:
    resolution: {integrity: sha512-YhUfBi1deB3m+3M55X458J6B7RsIS7UtM3P1z13cUIhF+pOt65BgnaSnkHLwETidmhRh8Dl3GelaQGrB3RdCDw==}
    cpu: [arm64]
    os: [linux]
    requiresBuild: true
    dev: true
    optional: true

  /turbo-windows-64@1.11.3:
    resolution: {integrity: sha512-s+vEnuM2TiZuAUUUpmBHDr6vnNbJgj+5JYfnYmVklYs16kXh+EppafYQOAkcRIMAh7GjV3pLq5/uGqc7seZeHA==}
    cpu: [x64]
    os: [win32]
    requiresBuild: true
    dev: true
    optional: true

  /turbo-windows-arm64@1.11.3:
    resolution: {integrity: sha512-ZR5z5Zpc7cASwfdRAV5yNScCZBsgGSbcwiA/u3farCacbPiXsfoWUkz28iyrx21/TRW0bi6dbsB2v17swa8bjw==}
    cpu: [arm64]
    os: [win32]
    requiresBuild: true
    dev: true
    optional: true

  /turbo@1.11.3:
    resolution: {integrity: sha512-RCJOUFcFMQNIGKSjC9YmA5yVP1qtDiBA0Lv9VIgrXraI5Da1liVvl3VJPsoDNIR9eFMyA/aagx1iyj6UWem5hA==}
    hasBin: true
    optionalDependencies:
      turbo-darwin-64: 1.11.3
      turbo-darwin-arm64: 1.11.3
      turbo-linux-64: 1.11.3
      turbo-linux-arm64: 1.11.3
      turbo-windows-64: 1.11.3
      turbo-windows-arm64: 1.11.3
    dev: true
